{
  "name": "lib",
  "version": "1.0.0",
  "lockfileVersion": 1,
  "requires": true,
  "dependencies": {
    "ti.xhr": {
      "version": "3.0.2",
      "resolved": "https://registry.npmjs.org/ti.xhr/-/ti.xhr-3.0.2.tgz",
      "integrity": "sha512-CsFP7Y/5e+E9C3Azqa228IYUEy7+6dUtCnftg3OS5PxUHqtZ/edSik+fii75I0ayXQk26JsIGZe9Z44CLpg7KA=="
    }
  }
}
